
Microsoft Visual Studio Solution File, Format Version 12.00
# Visual Studio Version 17
VisualStudioVersion = 17.2.32630.192
MinimumVisualStudioVersion = 10.0.40219.1
Project("{FAE04EC0-301F-11D3-BF4B-00C04F79EFBC}") = "TreinamentoEnergisa", "TreinamentoEnergisa\TreinamentoEnergisa.csproj", "{4CE3191F-AA22-41AF-8D00-D0E00608EC0D}"
EndProject
Global
	GlobalSection(SolutionConfigurationPlatforms) = preSolution
		Debug|Any CPU = Debug|Any CPU
		Release|Any CPU = Release|Any CPU
	EndGlobalSection
	GlobalSection(ProjectConfigurationPlatforms) = postSolution
		{4CE3191F-AA22-41AF-8D00-D0E00608EC0D}.Debug|Any CPU.ActiveCfg = Debug|Any CPU
		{4CE3191F-AA22-41AF-8D00-D0E00608EC0D}.Debug|Any CPU.Build.0 = Debug|Any CPU
		{4CE3191F-AA22-41AF-8D00-D0E00608EC0D}.Release|Any CPU.ActiveCfg = Release|Any CPU
		{4CE3191F-AA22-41AF-8D00-D0E00608EC0D}.Release|Any CPU.Build.0 = Release|Any CPU
	EndGlobalSection
	GlobalSection(SolutionProperties) = preSolution
		HideSolutionNode = FALSE
	EndGlobalSection
	GlobalSection(ExtensibilityGlobals) = postSolution
		SolutionGuid = {AFD666B8-90B3-4B83-8657-D63CCA54F72B}
	EndGlobalSection
EndGlobal
